
Microsoft Visual Studio Solution File, Format Version 12.00
# Visual Studio Version 17
VisualStudioVersion = 17.10.34928.147
MinimumVisualStudioVersion = 10.0.40219.1
Project("{FAE04EC0-301F-11D3-BF4B-00C04F79EFBC}") = "aspnet", "aspnet.csproj", "{4391B16F-7F40-4BA5-A373-7DCE71CA5F7D}"
EndProject
Global
	GlobalSection(SolutionConfigurationPlatforms) = preSolution
		Debug|Any CPU = Debug|Any CPU
		Release|Any CPU = Release|Any CPU
	EndGlobalSection
	GlobalSection(ProjectConfigurationPlatforms) = postSolution
		{4391B16F-7F40-4BA5-A373-7DCE71CA5F7D}.Debug|Any CPU.ActiveCfg = Debug|Any CPU
		{4391B16F-7F40-4BA5-A373-7DCE71CA5F7D}.Debug|Any CPU.Build.0 = Debug|Any CPU
		{4391B16F-7F40-4BA5-A373-7DCE71CA5F7D}.Release|Any CPU.ActiveCfg = Release|Any CPU
		{4391B16F-7F40-4BA5-A373-7DCE71CA5F7D}.Release|Any CPU.Build.0 = Release|Any CPU
	EndGlobalSection
	GlobalSection(SolutionProperties) = preSolution
		HideSolutionNode = FALSE
	EndGlobalSection
	GlobalSection(ExtensibilityGlobals) = postSolution
		SolutionGuid = {2690266D-37CD-4F45-9221-192AD3406BAE}
	EndGlobalSection
EndGlobal
